
Microsoft Visual Studio Solution File, Format Version 11.00
# Visual Studio 2010
Project("{FAE04EC0-301F-11D3-BF4B-00C04F79EFBC}") = "LifeBill", "LifeBill\LifeBill.csproj", "{39CF12C6-8648-4D7D-9D95-835B786341ED}"
EndProject
Project("{FAE04EC0-301F-11D3-BF4B-00C04F79EFBC}") = "LifeBill.Tests", "LifeBill.Tests\LifeBill.Tests.csproj", "{9426C718-14DD-4850-95C1-44D542F5C1E8}"
EndProject
Global
	GlobalSection(SolutionConfigurationPlatforms) = preSolution
		Debug|Any CPU = Debug|Any CPU
		Release|Any CPU = Release|Any CPU
	EndGlobalSection
	GlobalSection(ProjectConfigurationPlatforms) = postSolution
		{39CF12C6-8648-4D7D-9D95-835B786341ED}.Debug|Any CPU.ActiveCfg = Debug|Any CPU
		{39CF12C6-8648-4D7D-9D95-835B786341ED}.Debug|Any CPU.Build.0 = Debug|Any CPU
		{39CF12C6-8648-4D7D-9D95-835B786341ED}.Release|Any CPU.ActiveCfg = Release|Any CPU
		{39CF12C6-8648-4D7D-9D95-835B786341ED}.Release|Any CPU.Build.0 = Release|Any CPU
		{9426C718-14DD-4850-95C1-44D542F5C1E8}.Debug|Any CPU.ActiveCfg = Debug|Any CPU
		{9426C718-14DD-4850-95C1-44D542F5C1E8}.Debug|Any CPU.Build.0 = Debug|Any CPU
		{9426C718-14DD-4850-95C1-44D542F5C1E8}.Release|Any CPU.ActiveCfg = Release|Any CPU
		{9426C718-14DD-4850-95C1-44D542F5C1E8}.Release|Any CPU.Build.0 = Release|Any CPU
	EndGlobalSection
	GlobalSection(SolutionProperties) = preSolution
		HideSolutionNode = FALSE
	EndGlobalSection
EndGlobal
